
Microsoft Visual Studio Solution File, Format Version 12.00
# Visual Studio Version 16
VisualStudioVersion = 16.0.31515.178
MinimumVisualStudioVersion = 10.0.40219.1
Project("{2150E333-8FDC-42A3-9474-1A3956D46DE8}") = "FrontEnd", "FrontEnd", "{99711012-AB7B-4EDB-91EF-737B631C0F2A}"
EndProject
Project("{9A19103F-16F7-4668-BE54-9A1E7A4F7556}") = "Mango.Web", "Mango.Web\Mango.Web.csproj", "{2C4320DC-EE2F-460C-9346-E02B89191FE4}"
EndProject
Project("{2150E333-8FDC-42A3-9474-1A3956D46DE8}") = "Services", "Services", "{9BCE5931-8255-4A70-82B7-D5006DDAEA34}"
EndProject
Project("{9A19103F-16F7-4668-BE54-9A1E7A4F7556}") = "Mango.Services.ProductAPI", "Mango.Services.ProductAPI\Mango.Services.ProductAPI.csproj", "{97FFF074-C3D5-4C4C-8B6A-25905C92D920}"
EndProject
Project("{FAE04EC0-301F-11D3-BF4B-00C04F79EFBC}") = "Mango.Services.Identity", "Mango.Services.Identity\Mango.Services.Identity.csproj", "{4BA334CF-07BA-402E-A7C7-4CA8C9C36F0A}"
EndProject
Global
	GlobalSection(SolutionConfigurationPlatforms) = preSolution
		Debug|Any CPU = Debug|Any CPU
		Release|Any CPU = Release|Any CPU
	EndGlobalSection
	GlobalSection(ProjectConfigurationPlatforms) = postSolution
		{2C4320DC-EE2F-460C-9346-E02B89191FE4}.Debug|Any CPU.ActiveCfg = Debug|Any CPU
		{2C4320DC-EE2F-460C-9346-E02B89191FE4}.Debug|Any CPU.Build.0 = Debug|Any CPU
		{2C4320DC-EE2F-460C-9346-E02B89191FE4}.Release|Any CPU.ActiveCfg = Release|Any CPU
		{2C4320DC-EE2F-460C-9346-E02B89191FE4}.Release|Any CPU.Build.0 = Release|Any CPU
		{97FFF074-C3D5-4C4C-8B6A-25905C92D920}.Debug|Any CPU.ActiveCfg = Debug|Any CPU
		{97FFF074-C3D5-4C4C-8B6A-25905C92D920}.Debug|Any CPU.Build.0 = Debug|Any CPU
		{97FFF074-C3D5-4C4C-8B6A-25905C92D920}.Release|Any CPU.ActiveCfg = Release|Any CPU
		{97FFF074-C3D5-4C4C-8B6A-25905C92D920}.Release|Any CPU.Build.0 = Release|Any CPU
		{4BA334CF-07BA-402E-A7C7-4CA8C9C36F0A}.Debug|Any CPU.ActiveCfg = Debug|Any CPU
		{4BA334CF-07BA-402E-A7C7-4CA8C9C36F0A}.Debug|Any CPU.Build.0 = Debug|Any CPU
		{4BA334CF-07BA-402E-A7C7-4CA8C9C36F0A}.Release|Any CPU.ActiveCfg = Release|Any CPU
		{4BA334CF-07BA-402E-A7C7-4CA8C9C36F0A}.Release|Any CPU.Build.0 = Release|Any CPU
	EndGlobalSection
	GlobalSection(SolutionProperties) = preSolution
		HideSolutionNode = FALSE
	EndGlobalSection
	GlobalSection(NestedProjects) = preSolution
		{2C4320DC-EE2F-460C-9346-E02B89191FE4} = {99711012-AB7B-4EDB-91EF-737B631C0F2A}
		{97FFF074-C3D5-4C4C-8B6A-25905C92D920} = {9BCE5931-8255-4A70-82B7-D5006DDAEA34}
		{4BA334CF-07BA-402E-A7C7-4CA8C9C36F0A} = {9BCE5931-8255-4A70-82B7-D5006DDAEA34}
	EndGlobalSection
	GlobalSection(ExtensibilityGlobals) = postSolution
		SolutionGuid = {90196A47-D704-4095-A256-DFD7E948BF04}
	EndGlobalSection
EndGlobal
